
Microsoft Visual Studio Solution File, Format Version 12.00
# Visual Studio Version 16
VisualStudioVersion = 16.0.30014.187
MinimumVisualStudioVersion = 10.0.40219.1
Project("{FAE04EC0-301F-11D3-BF4B-00C04F79EFBC}") = "WebApplication1", "WebApplication1\WebApplication1.csproj", "{764BEE1C-089D-47B9-8DF0-CC6C5181C776}"
EndProject
Global
	GlobalSection(SolutionConfigurationPlatforms) = preSolution
		Debug|Any CPU = Debug|Any CPU
		Release|Any CPU = Release|Any CPU
	EndGlobalSection
	GlobalSection(ProjectConfigurationPlatforms) = postSolution
		{764BEE1C-089D-47B9-8DF0-CC6C5181C776}.Debug|Any CPU.ActiveCfg = Debug|Any CPU
		{764BEE1C-089D-47B9-8DF0-CC6C5181C776}.Debug|Any CPU.Build.0 = Debug|Any CPU
		{764BEE1C-089D-47B9-8DF0-CC6C5181C776}.Release|Any CPU.ActiveCfg = Release|Any CPU
		{764BEE1C-089D-47B9-8DF0-CC6C5181C776}.Release|Any CPU.Build.0 = Release|Any CPU
	EndGlobalSection
	GlobalSection(SolutionProperties) = preSolution
		HideSolutionNode = FALSE
	EndGlobalSection
	GlobalSection(ExtensibilityGlobals) = postSolution
		SolutionGuid = {EB7806CF-B60E-49C6-887D-02F91A19124C}
	EndGlobalSection
EndGlobal
